{
  "name": "copilot-review",
  "version": "0.1.0",
  "lockfileVersion": 3,
  "requires": true,
  "packages": {
    "": {
      "name": "copilot-review",
      "version": "0.1.0",
      "license": "MIT",
      "dependencies": {
        "@github/copilot-sdk": "^0.2.1"
      },
      "devDependencies": {
        "@types/node": "^22.0.0"
      },
      "engines": {
        "node": ">=20.0.0"
      }
    },
    "node_modules/@github/copilot": {
      "version": "1.0.21",
      "resolved": "https://registry.npmjs.org/@github/copilot/-/copilot-1.0.21.tgz",
      "integrity": "sha512-P+nORjNKAtl92jYCG6Qr1Rsw2JoyScgeQSkIR6O2WB37WS5JVdA4ax1WVualMbfuc9V58CPHX6fwyNpkI89FkQ==",
      "license": "SEE LICENSE IN LICENSE.md",
      "bin": {
        "copilot": "npm-loader.js"
      },
      "optionalDependencies": {
        "@github/copilot-darwin-arm64": "1.0.21",
        "@github/copilot-darwin-x64": "1.0.21",
        "@github/copilot-linux-arm64": "1.0.21",
        "@github/copilot-linux-x64": "1.0.21",
        "@github/copilot-win32-arm64": "1.0.21",
        "@github/copilot-win32-x64": "1.0.21"
      }
    },
    "node_modules/@github/copilot-darwin-arm64": {
      "version": "1.0.21",
      "resolved": "https://registry.npmjs.org/@github/copilot-darwin-arm64/-/copilot-darwin-arm64-1.0.21.tgz",
      "integrity": "sha512-aB+s9ldTwcyCOYmzjcQ4SknV6g81z92T8aUJEJZBwOXOTBeWKAJtk16ooAKangZgdwuLgO3or1JUjx1FJAm5nQ==",
      "cpu": [
        "arm64"
      ],
      "license": "SEE LICENSE IN LICENSE.md",
      "optional": true,
      "os": [
        "darwin"
      ],
      "bin": {
        "copilot-darwin-arm64": "copilot"
      }
    },
    "node_modules/@github/copilot-darwin-x64": {
      "version": "1.0.21",
      "resolved": "https://registry.npmjs.org/@github/copilot-darwin-x64/-/copilot-darwin-x64-1.0.21.tgz",
      "integrity": "sha512-aNad81DOGuGShmaiFNIxBUSZLwte0dXmDYkGfAF9WJIgY4qP4A8CPWFoNr8//gY+4CwaIf9V+f/OC6k2BdECbw==",
      "cpu": [
        "x64"
      ],
      "license": "SEE LICENSE IN LICENSE.md",
      "optional": true,
      "os": [
        "darwin"
      ],
      "bin": {
        "copilot-darwin-x64": "copilot"
      }
    },
    "node_modules/@github/copilot-linux-arm64": {
      "version": "1.0.21",
      "resolved": "https://registry.npmjs.org/@github/copilot-linux-arm64/-/copilot-linux-arm64-1.0.21.tgz",
      "integrity": "sha512-FL0NsCnHax4czHVv1S8iBqPLGZDhZ28N3+6nT29xWGhmjBWTkIofxLThKUPcyyMsfPTTxIlrdwWa8qQc5z2Q+g==",
      "cpu": [
        "arm64"
      ],
      "license": "SEE LICENSE IN LICENSE.md",
      "optional": true,
      "os": [
        "linux"
      ],
      "bin": {
        "copilot-linux-arm64": "copilot"
      }
    },
    "node_modules/@github/copilot-linux-x64": {
      "version": "1.0.21",
      "resolved": "https://registry.npmjs.org/@github/copilot-linux-x64/-/copilot-linux-x64-1.0.21.tgz",
      "integrity": "sha512-S7pWVI16hesZtxYbIyfw+MHZpc5ESoGKUVr5Y+lZJNaM2340gJGPQzQwSpvKIRMLHRKI2hXLwciAnYeMFxE/Tg==",
      "cpu": [
        "x64"
      ],
      "license": "SEE LICENSE IN LICENSE.md",
      "optional": true,
      "os": [
        "linux"
      ],
      "bin": {
        "copilot-linux-x64": "copilot"
      }
    },
    "node_modules/@github/copilot-sdk": {
      "version": "0.2.1",
      "resolved": "https://registry.npmjs.org/@github/copilot-sdk/-/copilot-sdk-0.2.1.tgz",
      "integrity": "sha512-S1n/4X1viqbSAWcHDZcFyZ/7hgTLAXr3NY7yNmHoX/CL4LTuYIJ6y5w2jrqUnrJNQgtNrMDSFGwFU+H1GeynFw==",
      "license": "MIT",
      "dependencies": {
        "@github/copilot": "^1.0.17",
        "vscode-jsonrpc": "^8.2.1",
        "zod": "^4.3.6"
      },
      "engines": {
        "node": ">=20.0.0"
      }
    },
    "node_modules/@github/copilot-win32-arm64": {
      "version": "1.0.21",
      "resolved": "https://registry.npmjs.org/@github/copilot-win32-arm64/-/copilot-win32-arm64-1.0.21.tgz",
      "integrity": "sha512-a9qc2Ku+XbyBkXCclbIvBbIVnECACTIWnPctmXWsQeSdeapGxgfHGux7y8hAFV5j6+nhCm6cnyEMS3rkZjAhdA==",
      "cpu": [
        "arm64"
      ],
      "license": "SEE LICENSE IN LICENSE.md",
      "optional": true,
      "os": [
        "win32"
      ],
      "bin": {
        "copilot-win32-arm64": "copilot.exe"
      }
    },
    "node_modules/@github/copilot-win32-x64": {
      "version": "1.0.21",
      "resolved": "https://registry.npmjs.org/@github/copilot-win32-x64/-/copilot-win32-x64-1.0.21.tgz",
      "integrity": "sha512-9klu+7NQ6tEyb8sibb0rsbimBivDrnNltZho10Bgbf1wh3o+erTjffXDjW9Zkyaw8lZA9Fz8bqhVkKntZq58Lg==",
      "cpu": [
        "x64"
      ],
      "license": "SEE LICENSE IN LICENSE.md",
      "optional": true,
      "os": [
        "win32"
      ],
      "bin": {
        "copilot-win32-x64": "copilot.exe"
      }
    },
    "node_modules/@types/node": {
      "version": "22.19.17",
      "resolved": "https://registry.npmjs.org/@types/node/-/node-22.19.17.tgz",
      "integrity": "sha512-wGdMcf+vPYM6jikpS/qhg6WiqSV/OhG+jeeHT/KlVqxYfD40iYJf9/AE1uQxVWFvU7MipKRkRv8NSHiCGgPr8Q==",
      "dev": true,
      "license": "MIT",
      "dependencies": {
        "undici-types": "~6.21.0"
      }
    },
    "node_modules/undici-types": {
      "version": "6.21.0",
      "resolved": "https://registry.npmjs.org/undici-types/-/undici-types-6.21.0.tgz",
      "integrity": "sha512-iwDZqg0QAGrg9Rav5H4n0M64c3mkR59cJ6wQp+7C4nI0gsmExaedaYLNO44eT4AtBBwjbTiGPMlt2Md0T9H9JQ==",
      "dev": true,
      "license": "MIT"
    },
    "node_modules/vscode-jsonrpc": {
      "version": "8.2.1",
      "resolved": "https://registry.npmjs.org/vscode-jsonrpc/-/vscode-jsonrpc-8.2.1.tgz",
      "integrity": "sha512-kdjOSJ2lLIn7r1rtrMbbNCHjyMPfRnowdKjBQ+mGq6NAW5QY2bEZC/khaC5OR8svbbjvLEaIXkOq45e2X9BIbQ==",
      "license": "MIT",
      "engines": {
        "node": ">=14.0.0"
      }
    },
    "node_modules/zod": {
      "version": "4.3.6",
      "resolved": "https://registry.npmjs.org/zod/-/zod-4.3.6.tgz",
      "integrity": "sha512-rftlrkhHZOcjDwkGlnUtZZkvaPHCsDATp4pGpuOOMDaTdDDXF91wuVDJoWoPsKX/3YPQ5fHuF3STjcYyKr+Qhg==",
      "license": "MIT",
      "funding": {
        "url": "https://github.com/sponsors/colinhacks"
      }
    }
  }
}
